hash: 202ecaedc6035610edea9d793a81df73d8fecda16c09a4fc343a2ad0fe8878bf
updated: 2017-08-20T07:00:43.409925307+09:00
imports:
- name: github.com/mattn/go-runewidth
  version: 9e777a8366cce605130a531d2cd6363d07ad7317
- name: github.com/nsf/termbox-go
  version: 4ed959e0540971545eddb8c75514973d670cf739
testImports: []
